
Microsoft Visual Studio Solution File, Format Version 11.00
# Visual Studio 2010
Project("{FAE04EC0-301F-11D3-BF4B-00C04F79EFBC}") = "MikMak.WebFront", "MikMak.WebFront\MikMak.WebFront.csproj", "{4CE6BDFC-E83E-429C-A804-59AF116D2FD6}"
EndProject
Project("{FAE04EC0-301F-11D3-BF4B-00C04F79EFBC}") = "MikMakCommons", "MikMakCommons\MikMakCommons.csproj", "{734C7FDE-FA2A-4B22-993E-2890243F3430}"
EndProject
Project("{FAE04EC0-301F-11D3-BF4B-00C04F79EFBC}") = "Morpion", "Morpion\Morpion.csproj", "{C0B80D70-C0B5-4D73-8763-30F0EE73DD41}"
EndProject
Project("{FAE04EC0-301F-11D3-BF4B-00C04F79EFBC}") = "MorpionTester", "MorpionTester\MorpionTester.csproj", "{409E34B1-96AF-4D4A-A23A-5B5E12D39116}"
EndProject
Project("{FAE04EC0-301F-11D3-BF4B-00C04F79EFBC}") = "MikMak.Main", "MikMak.Main\MikMak.Main.csproj", "{D02AE43B-D6A0-4013-A893-E06846923615}"
EndProject
Project("{2150E333-8FDC-42A3-9474-1A3956D46DE8}") = "WebApplication", "WebApplication", "{7CD3BF3F-C3FB-4E6E-A6A1-74404A2350BC}"
EndProject
Project("{2150E333-8FDC-42A3-9474-1A3956D46DE8}") = "Infrastructure", "Infrastructure", "{543A677F-C8EF-4D42-84EA-CA866D31EF61}"
EndProject
Project("{2150E333-8FDC-42A3-9474-1A3956D46DE8}") = "DomainModel", "DomainModel", "{430D0B96-57B0-4272-A3A1-CE2A57A2AA83}"
EndProject
Project("{2150E333-8FDC-42A3-9474-1A3956D46DE8}") = "DataPersistence", "DataPersistence", "{457AE0C0-6474-4809-A4CD-D1A1AFAF2D8E}"
EndProject
Project("{FAE04EC0-301F-11D3-BF4B-00C04F79EFBC}") = "MikMak.Infrastructure.Ressource", "MikMak.Infrastructure.Ressource\MikMak.Infrastructure.Ressource.csproj", "{FA721A05-AABD-4896-A7EB-D1BE51D100D9}"
EndProject
Project("{FAE04EC0-301F-11D3-BF4B-00C04F79EFBC}") = "MikMak.DomainModel.Entities", "MikMak.DomainModel.Entities\MikMak.DomainModel.Entities.csproj", "{3F3F265F-82D8-4E4D-BE42-8AD7558575D4}"
EndProject
Project("{FAE04EC0-301F-11D3-BF4B-00C04F79EFBC}") = "MikMak.DomainModel.Services.Interfaces", "MikMak.DomainModel.Services.Interfaces\MikMak.DomainModel.Services.Interfaces.csproj", "{A47E2E33-851F-411C-8654-833C0F729A69}"
EndProject
Project("{FAE04EC0-301F-11D3-BF4B-00C04F79EFBC}") = "MikMak.DomainModel.Services", "MikMak.DomainModel.Services\MikMak.DomainModel.Services.csproj", "{0EF17974-9A7C-44B1-B432-D8FEE96C77D4}"
EndProject
Project("{FAE04EC0-301F-11D3-BF4B-00C04F79EFBC}") = "MikMak.Repository.EntityFramework", "MikMak.Repository.EntityFramework\MikMak.Repository.EntityFramework.csproj", "{31631007-66D9-49B0-B0D5-1CCA15902F0A}"
EndProject
Project("{FAE04EC0-301F-11D3-BF4B-00C04F79EFBC}") = "MikMak.Repository.Interfaces", "MikMak.Repository.Interfaces\MikMak.Repository.Interfaces.csproj", "{7C623D40-51F5-47BF-A2FE-CBAA94FDFF0D}"
EndProject
Global
	GlobalSection(SolutionConfigurationPlatforms) = preSolution
		Debug|Any CPU = Debug|Any CPU
		Debug|Mixed Platforms = Debug|Mixed Platforms
		Debug|x86 = Debug|x86
		Release|Any CPU = Release|Any CPU
		Release|Mixed Platforms = Release|Mixed Platforms
		Release|x86 = Release|x86
	EndGlobalSection
	GlobalSection(ProjectConfigurationPlatforms) = postSolution
		{4CE6BDFC-E83E-429C-A804-59AF116D2FD6}.Debug|Any CPU.ActiveCfg = Debug|Any CPU
		{4CE6BDFC-E83E-429C-A804-59AF116D2FD6}.Debug|Any CPU.Build.0 = Debug|Any CPU
		{4CE6BDFC-E83E-429C-A804-59AF116D2FD6}.Debug|Mixed Platforms.ActiveCfg = Debug|Any CPU
		{4CE6BDFC-E83E-429C-A804-59AF116D2FD6}.Debug|x86.ActiveCfg = Debug|Any CPU
		{4CE6BDFC-E83E-429C-A804-59AF116D2FD6}.Release|Any CPU.ActiveCfg = Release|Any CPU
		{4CE6BDFC-E83E-429C-A804-59AF116D2FD6}.Release|Any CPU.Build.0 = Release|Any CPU
		{4CE6BDFC-E83E-429C-A804-59AF116D2FD6}.Release|Mixed Platforms.ActiveCfg = Release|Any CPU
		{4CE6BDFC-E83E-429C-A804-59AF116D2FD6}.Release|x86.ActiveCfg = Release|Any CPU
		{734C7FDE-FA2A-4B22-993E-2890243F3430}.Debug|Any CPU.ActiveCfg = Debug|Any CPU
		{734C7FDE-FA2A-4B22-993E-2890243F3430}.Debug|Any CPU.Build.0 = Debug|Any CPU
		{734C7FDE-FA2A-4B22-993E-2890243F3430}.Debug|Mixed Platforms.ActiveCfg = Debug|Any CPU
		{734C7FDE-FA2A-4B22-993E-2890243F3430}.Debug|Mixed Platforms.Build.0 = Debug|Any CPU
		{734C7FDE-FA2A-4B22-993E-2890243F3430}.Debug|x86.ActiveCfg = Debug|Any CPU
		{734C7FDE-FA2A-4B22-993E-2890243F3430}.Release|Any CPU.ActiveCfg = Release|Any CPU
		{734C7FDE-FA2A-4B22-993E-2890243F3430}.Release|Any CPU.Build.0 = Release|Any CPU
		{734C7FDE-FA2A-4B22-993E-2890243F3430}.Release|Mixed Platforms.ActiveCfg = Release|Any CPU
		{734C7FDE-FA2A-4B22-993E-2890243F3430}.Release|Mixed Platforms.Build.0 = Release|Any CPU
		{734C7FDE-FA2A-4B22-993E-2890243F3430}.Release|x86.ActiveCfg = Release|Any CPU
		{C0B80D70-C0B5-4D73-8763-30F0EE73DD41}.Debug|Any CPU.ActiveCfg = Debug|Any CPU
		{C0B80D70-C0B5-4D73-8763-30F0EE73DD41}.Debug|Any CPU.Build.0 = Debug|Any CPU
		{C0B80D70-C0B5-4D73-8763-30F0EE73DD41}.Debug|Mixed Platforms.ActiveCfg = Debug|Any CPU
		{C0B80D70-C0B5-4D73-8763-30F0EE73DD41}.Debug|Mixed Platforms.Build.0 = Debug|Any CPU
		{C0B80D70-C0B5-4D73-8763-30F0EE73DD41}.Debug|x86.ActiveCfg = Debug|Any CPU
		{C0B80D70-C0B5-4D73-8763-30F0EE73DD41}.Release|Any CPU.ActiveCfg = Release|Any CPU
		{C0B80D70-C0B5-4D73-8763-30F0EE73DD41}.Release|Any CPU.Build.0 = Release|Any CPU
		{C0B80D70-C0B5-4D73-8763-30F0EE73DD41}.Release|Mixed Platforms.ActiveCfg = Release|Any CPU
		{C0B80D70-C0B5-4D73-8763-30F0EE73DD41}.Release|Mixed Platforms.Build.0 = Release|Any CPU
		{C0B80D70-C0B5-4D73-8763-30F0EE73DD41}.Release|x86.ActiveCfg = Release|Any CPU
		{409E34B1-96AF-4D4A-A23A-5B5E12D39116}.Debug|Any CPU.ActiveCfg = Debug|x86
		{409E34B1-96AF-4D4A-A23A-5B5E12D39116}.Debug|Mixed Platforms.ActiveCfg = Debug|x86
		{409E34B1-96AF-4D4A-A23A-5B5E12D39116}.Debug|Mixed Platforms.Build.0 = Debug|x86
		{409E34B1-96AF-4D4A-A23A-5B5E12D39116}.Debug|x86.ActiveCfg = Debug|x86
		{409E34B1-96AF-4D4A-A23A-5B5E12D39116}.Debug|x86.Build.0 = Debug|x86
		{409E34B1-96AF-4D4A-A23A-5B5E12D39116}.Release|Any CPU.ActiveCfg = Release|x86
		{409E34B1-96AF-4D4A-A23A-5B5E12D39116}.Release|Mixed Platforms.ActiveCfg = Release|x86
		{409E34B1-96AF-4D4A-A23A-5B5E12D39116}.Release|Mixed Platforms.Build.0 = Release|x86
		{409E34B1-96AF-4D4A-A23A-5B5E12D39116}.Release|x86.ActiveCfg = Release|x86
		{409E34B1-96AF-4D4A-A23A-5B5E12D39116}.Release|x86.Build.0 = Release|x86
		{D02AE43B-D6A0-4013-A893-E06846923615}.Debug|Any CPU.ActiveCfg = Debug|Any CPU
		{D02AE43B-D6A0-4013-A893-E06846923615}.Debug|Any CPU.Build.0 = Debug|Any CPU
		{D02AE43B-D6A0-4013-A893-E06846923615}.Debug|Mixed Platforms.ActiveCfg = Debug|Any CPU
		{D02AE43B-D6A0-4013-A893-E06846923615}.Debug|Mixed Platforms.Build.0 = Debug|Any CPU
		{D02AE43B-D6A0-4013-A893-E06846923615}.Debug|x86.ActiveCfg = Debug|Any CPU
		{D02AE43B-D6A0-4013-A893-E06846923615}.Release|Any CPU.ActiveCfg = Release|Any CPU
		{D02AE43B-D6A0-4013-A893-E06846923615}.Release|Any CPU.Build.0 = Release|Any CPU
		{D02AE43B-D6A0-4013-A893-E06846923615}.Release|Mixed Platforms.ActiveCfg = Release|Any CPU
		{D02AE43B-D6A0-4013-A893-E06846923615}.Release|Mixed Platforms.Build.0 = Release|Any CPU
		{D02AE43B-D6A0-4013-A893-E06846923615}.Release|x86.ActiveCfg = Release|Any CPU
		{FA721A05-AABD-4896-A7EB-D1BE51D100D9}.Debug|Any CPU.ActiveCfg = Debug|Any CPU
		{FA721A05-AABD-4896-A7EB-D1BE51D100D9}.Debug|Any CPU.Build.0 = Debug|Any CPU
		{FA721A05-AABD-4896-A7EB-D1BE51D100D9}.Debug|Mixed Platforms.ActiveCfg = Debug|Any CPU
		{FA721A05-AABD-4896-A7EB-D1BE51D100D9}.Debug|Mixed Platforms.Build.0 = Debug|Any CPU
		{FA721A05-AABD-4896-A7EB-D1BE51D100D9}.Debug|x86.ActiveCfg = Debug|Any CPU
		{FA721A05-AABD-4896-A7EB-D1BE51D100D9}.Release|Any CPU.ActiveCfg = Release|Any CPU
		{FA721A05-AABD-4896-A7EB-D1BE51D100D9}.Release|Any CPU.Build.0 = Release|Any CPU
		{FA721A05-AABD-4896-A7EB-D1BE51D100D9}.Release|Mixed Platforms.ActiveCfg = Release|Any CPU
		{FA721A05-AABD-4896-A7EB-D1BE51D100D9}.Release|Mixed Platforms.Build.0 = Release|Any CPU
		{FA721A05-AABD-4896-A7EB-D1BE51D100D9}.Release|x86.ActiveCfg = Release|Any CPU
		{3F3F265F-82D8-4E4D-BE42-8AD7558575D4}.Debug|Any CPU.ActiveCfg = Debug|Any CPU
		{3F3F265F-82D8-4E4D-BE42-8AD7558575D4}.Debug|Any CPU.Build.0 = Debug|Any CPU
		{3F3F265F-82D8-4E4D-BE42-8AD7558575D4}.Debug|Mixed Platforms.ActiveCfg = Debug|Any CPU
		{3F3F265F-82D8-4E4D-BE42-8AD7558575D4}.Debug|Mixed Platforms.Build.0 = Debug|Any CPU
		{3F3F265F-82D8-4E4D-BE42-8AD7558575D4}.Debug|x86.ActiveCfg = Debug|Any CPU
		{3F3F265F-82D8-4E4D-BE42-8AD7558575D4}.Release|Any CPU.ActiveCfg = Release|Any CPU
		{3F3F265F-82D8-4E4D-BE42-8AD7558575D4}.Release|Any CPU.Build.0 = Release|Any CPU
		{3F3F265F-82D8-4E4D-BE42-8AD7558575D4}.Release|Mixed Platforms.ActiveCfg = Release|Any CPU
		{3F3F265F-82D8-4E4D-BE42-8AD7558575D4}.Release|Mixed Platforms.Build.0 = Release|Any CPU
		{3F3F265F-82D8-4E4D-BE42-8AD7558575D4}.Release|x86.ActiveCfg = Release|Any CPU
		{A47E2E33-851F-411C-8654-833C0F729A69}.Debug|Any CPU.ActiveCfg = Debug|Any CPU
		{A47E2E33-851F-411C-8654-833C0F729A69}.Debug|Any CPU.Build.0 = Debug|Any CPU
		{A47E2E33-851F-411C-8654-833C0F729A69}.Debug|Mixed Platforms.ActiveCfg = Debug|Any CPU
		{A47E2E33-851F-411C-8654-833C0F729A69}.Debug|Mixed Platforms.Build.0 = Debug|Any CPU
		{A47E2E33-851F-411C-8654-833C0F729A69}.Debug|x86.ActiveCfg = Debug|Any CPU
		{A47E2E33-851F-411C-8654-833C0F729A69}.Release|Any CPU.ActiveCfg = Release|Any CPU
		{A47E2E33-851F-411C-8654-833C0F729A69}.Release|Any CPU.Build.0 = Release|Any CPU
		{A47E2E33-851F-411C-8654-833C0F729A69}.Release|Mixed Platforms.ActiveCfg = Release|Any CPU
		{A47E2E33-851F-411C-8654-833C0F729A69}.Release|Mixed Platforms.Build.0 = Release|Any CPU
		{A47E2E33-851F-411C-8654-833C0F729A69}.Release|x86.ActiveCfg = Release|Any CPU
		{0EF17974-9A7C-44B1-B432-D8FEE96C77D4}.Debug|Any CPU.ActiveCfg = Debug|Any CPU
		{0EF17974-9A7C-44B1-B432-D8FEE96C77D4}.Debug|Any CPU.Build.0 = Debug|Any CPU
		{0EF17974-9A7C-44B1-B432-D8FEE96C77D4}.Debug|Mixed Platforms.ActiveCfg = Debug|Any CPU
		{0EF17974-9A7C-44B1-B432-D8FEE96C77D4}.Debug|Mixed Platforms.Build.0 = Debug|Any CPU
		{0EF17974-9A7C-44B1-B432-D8FEE96C77D4}.Debug|x86.ActiveCfg = Debug|Any CPU
		{0EF17974-9A7C-44B1-B432-D8FEE96C77D4}.Release|Any CPU.ActiveCfg = Release|Any CPU
		{0EF17974-9A7C-44B1-B432-D8FEE96C77D4}.Release|Any CPU.Build.0 = Release|Any CPU
		{0EF17974-9A7C-44B1-B432-D8FEE96C77D4}.Release|Mixed Platforms.ActiveCfg = Release|Any CPU
		{0EF17974-9A7C-44B1-B432-D8FEE96C77D4}.Release|Mixed Platforms.Build.0 = Release|Any CPU
		{0EF17974-9A7C-44B1-B432-D8FEE96C77D4}.Release|x86.ActiveCfg = Release|Any CPU
		{31631007-66D9-49B0-B0D5-1CCA15902F0A}.Debug|Any CPU.ActiveCfg = Debug|Any CPU
		{31631007-66D9-49B0-B0D5-1CCA15902F0A}.Debug|Any CPU.Build.0 = Debug|Any CPU
		{31631007-66D9-49B0-B0D5-1CCA15902F0A}.Debug|Mixed Platforms.ActiveCfg = Debug|Any CPU
		{31631007-66D9-49B0-B0D5-1CCA15902F0A}.Debug|Mixed Platforms.Build.0 = Debug|Any CPU
		{31631007-66D9-49B0-B0D5-1CCA15902F0A}.Debug|x86.ActiveCfg = Debug|Any CPU
		{31631007-66D9-49B0-B0D5-1CCA15902F0A}.Release|Any CPU.ActiveCfg = Release|Any CPU
		{31631007-66D9-49B0-B0D5-1CCA15902F0A}.Release|Any CPU.Build.0 = Release|Any CPU
		{31631007-66D9-49B0-B0D5-1CCA15902F0A}.Release|Mixed Platforms.ActiveCfg = Release|Any CPU
		{31631007-66D9-49B0-B0D5-1CCA15902F0A}.Release|Mixed Platforms.Build.0 = Release|Any CPU
		{31631007-66D9-49B0-B0D5-1CCA15902F0A}.Release|x86.ActiveCfg = Release|Any CPU
		{7C623D40-51F5-47BF-A2FE-CBAA94FDFF0D}.Debug|Any CPU.ActiveCfg = Debug|Any CPU
		{7C623D40-51F5-47BF-A2FE-CBAA94FDFF0D}.Debug|Any CPU.Build.0 = Debug|Any CPU
		{7C623D40-51F5-47BF-A2FE-CBAA94FDFF0D}.Debug|Mixed Platforms.ActiveCfg = Debug|Any CPU
		{7C623D40-51F5-47BF-A2FE-CBAA94FDFF0D}.Debug|Mixed Platforms.Build.0 = Debug|Any CPU
		{7C623D40-51F5-47BF-A2FE-CBAA94FDFF0D}.Debug|x86.ActiveCfg = Debug|Any CPU
		{7C623D40-51F5-47BF-A2FE-CBAA94FDFF0D}.Release|Any CPU.ActiveCfg = Release|Any CPU
		{7C623D40-51F5-47BF-A2FE-CBAA94FDFF0D}.Release|Any CPU.Build.0 = Release|Any CPU
		{7C623D40-51F5-47BF-A2FE-CBAA94FDFF0D}.Release|Mixed Platforms.ActiveCfg = Release|Any CPU
		{7C623D40-51F5-47BF-A2FE-CBAA94FDFF0D}.Release|Mixed Platforms.Build.0 = Release|Any CPU
		{7C623D40-51F5-47BF-A2FE-CBAA94FDFF0D}.Release|x86.ActiveCfg = Release|Any CPU
	EndGlobalSection
	GlobalSection(SolutionProperties) = preSolution
		HideSolutionNode = FALSE
	EndGlobalSection
	GlobalSection(NestedProjects) = preSolution
		{4CE6BDFC-E83E-429C-A804-59AF116D2FD6} = {7CD3BF3F-C3FB-4E6E-A6A1-74404A2350BC}
		{FA721A05-AABD-4896-A7EB-D1BE51D100D9} = {543A677F-C8EF-4D42-84EA-CA866D31EF61}
		{3F3F265F-82D8-4E4D-BE42-8AD7558575D4} = {430D0B96-57B0-4272-A3A1-CE2A57A2AA83}
		{A47E2E33-851F-411C-8654-833C0F729A69} = {430D0B96-57B0-4272-A3A1-CE2A57A2AA83}
		{0EF17974-9A7C-44B1-B432-D8FEE96C77D4} = {430D0B96-57B0-4272-A3A1-CE2A57A2AA83}
		{31631007-66D9-49B0-B0D5-1CCA15902F0A} = {457AE0C0-6474-4809-A4CD-D1A1AFAF2D8E}
		{7C623D40-51F5-47BF-A2FE-CBAA94FDFF0D} = {457AE0C0-6474-4809-A4CD-D1A1AFAF2D8E}
	EndGlobalSection
EndGlobal
